
Microsoft Visual Studio Solution File, Format Version 12.00
# Visual Studio Version 16
VisualStudioVersion = 16.0.29709.97
MinimumVisualStudioVersion = 10.0.40219.1
Project("{FAE04EC0-301F-11D3-BF4B-00C04F79EFBC}") = "CurrencyDataCronJob", "CurrencyDataCronJob.csproj", "{95C0312D-BEF9-472A-A4E5-C3DDEF244BB0}"
EndProject
Global
	GlobalSection(SolutionConfigurationPlatforms) = preSolution
		Debug|Any CPU = Debug|Any CPU
		Release|Any CPU = Release|Any CPU
	EndGlobalSection
	GlobalSection(ProjectConfigurationPlatforms) = postSolution
		{95C0312D-BEF9-472A-A4E5-C3DDEF244BB0}.Debug|Any CPU.ActiveCfg = Debug|Any CPU
		{95C0312D-BEF9-472A-A4E5-C3DDEF244BB0}.Debug|Any CPU.Build.0 = Debug|Any CPU
		{95C0312D-BEF9-472A-A4E5-C3DDEF244BB0}.Release|Any CPU.ActiveCfg = Release|Any CPU
		{95C0312D-BEF9-472A-A4E5-C3DDEF244BB0}.Release|Any CPU.Build.0 = Release|Any CPU
	EndGlobalSection
	GlobalSection(SolutionProperties) = preSolution
		HideSolutionNode = FALSE
	EndGlobalSection
	GlobalSection(ExtensibilityGlobals) = postSolution
		SolutionGuid = {3505DD3E-8B1F-4486-BA23-80D92855DAAB}
	EndGlobalSection
EndGlobal
